
Microsoft Visual Studio Solution File, Format Version 12.00
# Visual Studio Version 17
VisualStudioVersion = 17.11.35303.130
MinimumVisualStudioVersion = 10.0.40219.1
Project("{9A19103F-16F7-4668-BE54-9A1E7A4F7556}") = "homework1", "homework1.csproj", "{BF9FCB71-1D65-4A16-92FB-97BEAE93DFBA}"
EndProject
Global
	GlobalSection(SolutionConfigurationPlatforms) = preSolution
		Debug|Any CPU = Debug|Any CPU
		Release|Any CPU = Release|Any CPU
	EndGlobalSection
	GlobalSection(ProjectConfigurationPlatforms) = postSolution
		{BF9FCB71-1D65-4A16-92FB-97BEAE93DFBA}.Debug|Any CPU.ActiveCfg = Debug|Any CPU
		{BF9FCB71-1D65-4A16-92FB-97BEAE93DFBA}.Debug|Any CPU.Build.0 = Debug|Any CPU
		{BF9FCB71-1D65-4A16-92FB-97BEAE93DFBA}.Release|Any CPU.ActiveCfg = Release|Any CPU
		{BF9FCB71-1D65-4A16-92FB-97BEAE93DFBA}.Release|Any CPU.Build.0 = Release|Any CPU
	EndGlobalSection
	GlobalSection(SolutionProperties) = preSolution
		HideSolutionNode = FALSE
	EndGlobalSection
	GlobalSection(ExtensibilityGlobals) = postSolution
		SolutionGuid = {17E66DB2-4F23-4BB2-8111-FB986608284C}
	EndGlobalSection
EndGlobal
